
Microsoft Visual Studio Solution File, Format Version 12.00
# Visual Studio Version 17
VisualStudioVersion = 17.11.35312.102
MinimumVisualStudioVersion = 10.0.40219.1
Project("{FAE04EC0-301F-11D3-BF4B-00C04F79EFBC}") = "DockerizationDemo", "DockerizationDemo\DockerizationDemo.csproj", "{19FE065C-0B4A-44AE-8D5F-2BB5F1E0634D}"
EndProject
Global
	GlobalSection(SolutionConfigurationPlatforms) = preSolution
		Debug|Any CPU = Debug|Any CPU
		Release|Any CPU = Release|Any CPU
	EndGlobalSection
	GlobalSection(ProjectConfigurationPlatforms) = postSolution
		{19FE065C-0B4A-44AE-8D5F-2BB5F1E0634D}.Debug|Any CPU.ActiveCfg = Debug|Any CPU
		{19FE065C-0B4A-44AE-8D5F-2BB5F1E0634D}.Debug|Any CPU.Build.0 = Debug|Any CPU
		{19FE065C-0B4A-44AE-8D5F-2BB5F1E0634D}.Release|Any CPU.ActiveCfg = Release|Any CPU
		{19FE065C-0B4A-44AE-8D5F-2BB5F1E0634D}.Release|Any CPU.Build.0 = Release|Any CPU
	EndGlobalSection
	GlobalSection(SolutionProperties) = preSolution
		HideSolutionNode = FALSE
	EndGlobalSection
	GlobalSection(ExtensibilityGlobals) = postSolution
		SolutionGuid = {C0420324-7A03-4D16-9968-06233482976E}
	EndGlobalSection
EndGlobal
